// !$*UTF8*$!
{
	archiveVersion = 1;
	classes = {
	};
	objectVersion = 56;
	objects = {

/* Begin PBXBuildFile section */
		85245DCF2DBB532500EEC5C2 /* Logger.swift in Sources */ = {isa = PBXBuildFile; fileRef = 85245DCE2DBB532500EEC5C2 /* Logger.swift */; };
		85245DD32DBB5BDE00EEC5C2 /* WishlistService.swift in Sources */ = {isa = PBXBuildFile; fileRef = 85245DD22DBB5BDE00EEC5C2 /* WishlistService.swift */; };
		85245DD52DBB5F3A00EEC5C2 /* ItemService.swift in Sources */ = {isa = PBXBuildFile; fileRef = 85245DD42DBB5F3A00EEC5C2 /* ItemService.swift */; };
		8562143C2D6F0E8D007A13CF /* LoginSignUpView.swift in Sources */ = {isa = PBXBuildFile; fileRef = 8562143B2D6F0E8D007A13CF /* LoginSignUpView.swift */; };
		8562143E2D729CD6007A13CF /* FirebaseFirestore in Frameworks */ = {isa = PBXBuildFile; productRef = 8562143D2D729CD6007A13CF /* FirebaseFirestore */; };
		856214402D72E136007A13CF /* FirestoreService.swift in Sources */ = {isa = PBXBuildFile; fileRef = 8562143F2D72E136007A13CF /* FirestoreService.swift */; };
		856214422D72E7D1007A13CF /* WishlistViewModel.swift in Sources */ = {isa = PBXBuildFile; fileRef = 856214412D72E7D1007A13CF /* WishlistViewModel.swift */; };
		856214452D72EE78007A13CF /* Wishlist.swift in Sources */ = {isa = PBXBuildFile; fileRef = 856214442D72EE78007A13CF /* Wishlist.swift */; };
		856214472D72EEBD007A13CF /* User.swift in Sources */ = {isa = PBXBuildFile; fileRef = 856214462D72EEBD007A13CF /* User.swift */; };
		856214492D737660007A13CF /* Item.swift in Sources */ = {isa = PBXBuildFile; fileRef = 856214482D737660007A13CF /* Item.swift */; };
		8562144B2D737AA3007A13CF /* Category.swift in Sources */ = {isa = PBXBuildFile; fileRef = 8562144A2D737AA2007A13CF /* Category.swift */; };
		8562144D2D737AB5007A13CF /* Status.swift in Sources */ = {isa = PBXBuildFile; fileRef = 8562144C2D737AB5007A13CF /* Status.swift */; };
		8562144F2D737ABF007A13CF /* Occasion.swift in Sources */ = {isa = PBXBuildFile; fileRef = 8562144E2D737ABF007A13CF /* Occasion.swift */; };
		857673C62D6EC13A003F9071 /* gwishApp.swift in Sources */ = {isa = PBXBuildFile; fileRef = 857673C52D6EC13A003F9071 /* gwishApp.swift */; };
		857673C82D6EC13A003F9071 /* ContentView.swift in Sources */ = {isa = PBXBuildFile; fileRef = 857673C72D6EC13A003F9071 /* ContentView.swift */; };
		857673CA2D6EC13C003F9071 /* Assets.xcassets in Resources */ = {isa = PBXBuildFile; fileRef = 857673C92D6EC13C003F9071 /* Assets.xcassets */; };
		857673CD2D6EC13C003F9071 /* Preview Assets.xcassets in Resources */ = {isa = PBXBuildFile; fileRef = 857673CC2D6EC13C003F9071 /* Preview Assets.xcassets */; };
		857673D72D6EC13D003F9071 /* gwishTests.swift in Sources */ = {isa = PBXBuildFile; fileRef = 857673D62D6EC13D003F9071 /* gwishTests.swift */; };
		857673E12D6EC13D003F9071 /* gwishUITests.swift in Sources */ = {isa = PBXBuildFile; fileRef = 857673E02D6EC13D003F9071 /* gwishUITests.swift */; };
		857673E32D6EC13D003F9071 /* gwishUITestsLaunchTests.swift in Sources */ = {isa = PBXBuildFile; fileRef = 857673E22D6EC13D003F9071 /* gwishUITestsLaunchTests.swift */; };
		857673F02D6EC37A003F9071 /* GoogleService-Info.plist in Resources */ = {isa = PBXBuildFile; fileRef = 857673EF2D6EC37A003F9071 /* GoogleService-Info.plist */; };
		85AF916E2DBC7CEB001CFC4B /* SidebarView.swift in Sources */ = {isa = PBXBuildFile; fileRef = 85AF916D2DBC7CEB001CFC4B /* SidebarView.swift */; };
		85AF91702DBC7D8D001CFC4B /* MainView.swift in Sources */ = {isa = PBXBuildFile; fileRef = 85AF916F2DBC7D8D001CFC4B /* MainView.swift */; };
		85AF91722DBC8E2D001CFC4B /* TopBarView.swift in Sources */ = {isa = PBXBuildFile; fileRef = 85AF91712DBC8E2D001CFC4B /* TopBarView.swift */; };
		85AF91742DBCC45E001CFC4B /* ItemDetailView.swift in Sources */ = {isa = PBXBuildFile; fileRef = 85AF91732DBCC45E001CFC4B /* ItemDetailView.swift */; };
		85CE2A912DC5A65800A0E622 /* WishlistDetailView.swift in Sources */ = {isa = PBXBuildFile; fileRef = 85CE2A902DC5A65800A0E622 /* WishlistDetailView.swift */; };
		85DB03F02D6EC8A700EC98C0 /* FirebaseAnalyticsWithoutAdIdSupport in Frameworks */ = {isa = PBXBuildFile; productRef = 85DB03EF2D6EC8A700EC98C0 /* FirebaseAnalyticsWithoutAdIdSupport */; };
		85DB03F22D6EC8A700EC98C0 /* FirebaseAuth in Frameworks */ = {isa = PBXBuildFile; productRef = 85DB03F12D6EC8A700EC98C0 /* FirebaseAuth */; };
		85DB03F42D6EC8A700EC98C0 /* FirebaseCore in Frameworks */ = {isa = PBXBuildFile; productRef = 85DB03F32D6EC8A700EC98C0 /* FirebaseCore */; };
		85DB03F62D6EC8A700EC98C0 /* FirebaseFunctions in Frameworks */ = {isa = PBXBuildFile; productRef = 85DB03F52D6EC8A700EC98C0 /* FirebaseFunctions */; };
		85DB03FB2D6EE30300EC98C0 /* AuthService.swift in Sources */ = {isa = PBXBuildFile; fileRef = 85DB03FA2D6EE30300EC98C0 /* AuthService.swift */; };
		85DC0B1B2D85B7270049EDED /* WishlistView.swift in Sources */ = {isa = PBXBuildFile; fileRef = 85DC0B1A2D85B7260049EDED /* WishlistView.swift */; };
		85DC0B1D2D85BC4D0049EDED /* AddWishlistView.swift in Sources */ = {isa = PBXBuildFile; fileRef = 85DC0B1C2D85BC4D0049EDED /* AddWishlistView.swift */; };
/* End PBXBuildFile section */

/* Begin PBXContainerItemProxy section */
		857673D32D6EC13D003F9071 /* PBXContainerItemProxy */ = {
			isa = PBXContainerItemProxy;
			containerPortal = 857673BA2D6EC13A003F9071 /* Project object */;
			proxyType = 1;
			remoteGlobalIDString = 857673C12D6EC13A003F9071;
			remoteInfo = gwish;
		};
		857673DD2D6EC13D003F9071 /* PBXContainerItemProxy */ = {
			isa = PBXContainerItemProxy;
			containerPortal = 857673BA2D6EC13A003F9071 /* Project object */;
			proxyType = 1;
			remoteGlobalIDString = 857673C12D6EC13A003F9071;
			remoteInfo = gwish;
		};
/* End PBXContainerItemProxy section */

/* Begin PBXFileReference section */
		85245DCE2DBB532500EEC5C2 /* Logger.swift */ = {isa = PBXFileReference; lastKnownFileType = sourcecode.swift; path = Logger.swift; sourceTree = "<group>"; };
		85245DD22DBB5BDE00EEC5C2 /* WishlistService.swift */ = {isa = PBXFileReference; lastKnownFileType = sourcecode.swift; path = WishlistService.swift; sourceTree = "<group>"; };
		85245DD42DBB5F3A00EEC5C2 /* ItemService.swift */ = {isa = PBXFileReference; lastKnownFileType = sourcecode.swift; path = ItemService.swift; sourceTree = "<group>"; };
		8562143B2D6F0E8D007A13CF /* LoginSignUpView.swift */ = {isa = PBXFileReference; lastKnownFileType = sourcecode.swift; path = LoginSignUpView.swift; sourceTree = "<group>"; };
		8562143F2D72E136007A13CF /* FirestoreService.swift */ = {isa = PBXFileReference; lastKnownFileType = sourcecode.swift; path = FirestoreService.swift; sourceTree = "<group>"; };
		856214412D72E7D1007A13CF /* WishlistViewModel.swift */ = {isa = PBXFileReference; lastKnownFileType = sourcecode.swift; path = WishlistViewModel.swift; sourceTree = "<group>"; };
		856214442D72EE78007A13CF /* Wishlist.swift */ = {isa = PBXFileReference; lastKnownFileType = sourcecode.swift; path = Wishlist.swift; sourceTree = "<group>"; };
		856214462D72EEBD007A13CF /* User.swift */ = {isa = PBXFileReference; lastKnownFileType = sourcecode.swift; path = User.swift; sourceTree = "<group>"; };
		856214482D737660007A13CF /* Item.swift */ = {isa = PBXFileReference; lastKnownFileType = sourcecode.swift; path = Item.swift; sourceTree = "<group>"; };
		8562144A2D737AA2007A13CF /* Category.swift */ = {isa = PBXFileReference; lastKnownFileType = sourcecode.swift; path = Category.swift; sourceTree = "<group>"; };
		8562144C2D737AB5007A13CF /* Status.swift */ = {isa = PBXFileReference; lastKnownFileType = sourcecode.swift; path = Status.swift; sourceTree = "<group>"; };
		8562144E2D737ABF007A13CF /* Occasion.swift */ = {isa = PBXFileReference; lastKnownFileType = sourcecode.swift; path = Occasion.swift; sourceTree = "<group>"; };
		857673C22D6EC13A003F9071 /* gwish.app */ = {isa = PBXFileReference; explicitFileType = wrapper.application; includeInIndex = 0; path = gwish.app; sourceTree = BUILT_PRODUCTS_DIR; };
		857673C52D6EC13A003F9071 /* gwishApp.swift */ = {isa = PBXFileReference; lastKnownFileType = sourcecode.swift; path = gwishApp.swift; sourceTree = "<group>"; };
		857673C72D6EC13A003F9071 /* ContentView.swift */ = {isa = PBXFileReference; lastKnownFileType = sourcecode.swift; path = ContentView.swift; sourceTree = "<group>"; };
		857673C92D6EC13C003F9071 /* Assets.xcassets */ = {isa = PBXFileReference; lastKnownFileType = folder.assetcatalog; path = Assets.xcassets; sourceTree = "<group>"; };
		857673CC2D6EC13C003F9071 /* Preview Assets.xcassets */ = {isa = PBXFileReference; lastKnownFileType = folder.assetcatalog; path = "Preview Assets.xcassets"; sourceTree = "<group>"; };
		857673D22D6EC13D003F9071 /* gwishTests.xctest */ = {isa = PBXFileReference; explicitFileType = wrapper.cfbundle; includeInIndex = 0; path = gwishTests.xctest; sourceTree = BUILT_PRODUCTS_DIR; };
		857673D62D6EC13D003F9071 /* gwishTests.swift */ = {isa = PBXFileReference; lastKnownFileType = sourcecode.swift; path = gwishTests.swift; sourceTree = "<group>"; };
		857673DC2D6EC13D003F9071 /* gwishUITests.xctest */ = {isa = PBXFileReference; explicitFileType = wrapper.cfbundle; includeInIndex = 0; path = gwishUITests.xctest; sourceTree = BUILT_PRODUCTS_DIR; };
		857673E02D6EC13D003F9071 /* gwishUITests.swift */ = {isa = PBXFileReference; lastKnownFileType = sourcecode.swift; path = gwishUITests.swift; sourceTree = "<group>"; };
		857673E22D6EC13D003F9071 /* gwishUITestsLaunchTests.swift */ = {isa = PBXFileReference; lastKnownFileType = sourcecode.swift; path = gwishUITestsLaunchTests.swift; sourceTree = "<group>"; };
		857673EF2D6EC37A003F9071 /* GoogleService-Info.plist */ = {isa = PBXFileReference; lastKnownFileType = text.plist; name = "GoogleService-Info.plist"; path = "gwish/GoogleService-Info.plist"; sourceTree = SOURCE_ROOT; };
		85AF916D2DBC7CEB001CFC4B /* SidebarView.swift */ = {isa = PBXFileReference; lastKnownFileType = sourcecode.swift; path = SidebarView.swift; sourceTree = "<group>"; };
		85AF916F2DBC7D8D001CFC4B /* MainView.swift */ = {isa = PBXFileReference; lastKnownFileType = sourcecode.swift; path = MainView.swift; sourceTree = "<group>"; };
		85AF91712DBC8E2D001CFC4B /* TopBarView.swift */ = {isa = PBXFileReference; lastKnownFileType = sourcecode.swift; path = TopBarView.swift; sourceTree = "<group>"; };
		85AF91732DBCC45E001CFC4B /* ItemDetailView.swift */ = {isa = PBXFileReference; lastKnownFileType = sourcecode.swift; path = ItemDetailView.swift; sourceTree = "<group>"; };
		85CE2A902DC5A65800A0E622 /* WishlistDetailView.swift */ = {isa = PBXFileReference; lastKnownFileType = sourcecode.swift; path = WishlistDetailView.swift; sourceTree = "<group>"; };
		85DB03FA2D6EE30300EC98C0 /* AuthService.swift */ = {isa = PBXFileReference; lastKnownFileType = sourcecode.swift; path = AuthService.swift; sourceTree = "<group>"; };
		85DC0B1A2D85B7260049EDED /* WishlistView.swift */ = {isa = PBXFileReference; lastKnownFileType = sourcecode.swift; path = WishlistView.swift; sourceTree = "<group>"; };
		85DC0B1C2D85BC4D0049EDED /* AddWishlistView.swift */ = {isa = PBXFileReference; lastKnownFileType = sourcecode.swift; path = AddWishlistView.swift; sourceTree = "<group>"; };
/* End PBXFileReference section */

/* Begin PBXFrameworksBuildPhase section */
		857673BF2D6EC13A003F9071 /* Frameworks */ = {
			isa = PBXFrameworksBuildPhase;
			buildActionMask = 2147483647;
			files = (
				85DB03F02D6EC8A700EC98C0 /* FirebaseAnalyticsWithoutAdIdSupport in Frameworks */,
				85DB03F42D6EC8A700EC98C0 /* FirebaseCore in Frameworks */,
				85DB03F22D6EC8A700EC98C0 /* FirebaseAuth in Frameworks */,
				8562143E2D729CD6007A13CF /* FirebaseFirestore in Frameworks */,
				85DB03F62D6EC8A700EC98C0 /* FirebaseFunctions in Frameworks */,
			);
			runOnlyForDeploymentPostprocessing = 0;
		};
		857673CF2D6EC13D003F9071 /* Frameworks */ = {
			isa = PBXFrameworksBuildPhase;
			buildActionMask = 2147483647;
			files = (
			);
			runOnlyForDeploymentPostprocessing = 0;
		};
		857673D92D6EC13D003F9071 /* Frameworks */ = {
			isa = PBXFrameworksBuildPhase;
			buildActionMask = 2147483647;
			files = (
			);
			runOnlyForDeploymentPostprocessing = 0;
		};
/* End PBXFrameworksBuildPhase section */

/* Begin PBXGroup section */
		856214432D72EE69007A13CF /* Models */ = {
			isa = PBXGroup;
			children = (
				856214442D72EE78007A13CF /* Wishlist.swift */,
				856214462D72EEBD007A13CF /* User.swift */,
				856214482D737660007A13CF /* Item.swift */,
				8562144A2D737AA2007A13CF /* Category.swift */,
				8562144C2D737AB5007A13CF /* Status.swift */,
				8562144E2D737ABF007A13CF /* Occasion.swift */,
			);
			path = Models;
			sourceTree = "<group>";
		};
		857673B92D6EC13A003F9071 = {
			isa = PBXGroup;
			children = (
				857673C42D6EC13A003F9071 /* gwish */,
				857673D52D6EC13D003F9071 /* gwishTests */,
				857673DF2D6EC13D003F9071 /* gwishUITests */,
				857673C32D6EC13A003F9071 /* Products */,
			);
			sourceTree = "<group>";
		};
		857673C32D6EC13A003F9071 /* Products */ = {
			isa = PBXGroup;
			children = (
				857673C22D6EC13A003F9071 /* gwish.app */,
				857673D22D6EC13D003F9071 /* gwishTests.xctest */,
				857673DC2D6EC13D003F9071 /* gwishUITests.xctest */,
			);
			name = Products;
			sourceTree = "<group>";
		};
		857673C42D6EC13A003F9071 /* gwish */ = {
			isa = PBXGroup;
			children = (
				856214432D72EE69007A13CF /* Models */,
				85DB03F92D6EE29F00EC98C0 /* Services */,
				85DB03F82D6EC9AF00EC98C0 /* ViewModel */,
				85DB03F72D6EC9A900EC98C0 /* Views */,
				857673EF2D6EC37A003F9071 /* GoogleService-Info.plist */,
				857673C52D6EC13A003F9071 /* gwishApp.swift */,
				857673C72D6EC13A003F9071 /* ContentView.swift */,
				857673C92D6EC13C003F9071 /* Assets.xcassets */,
				857673CB2D6EC13C003F9071 /* Preview Content */,
				85245DCE2DBB532500EEC5C2 /* Logger.swift */,
			);
			path = gwish;
			sourceTree = "<group>";
		};
		857673CB2D6EC13C003F9071 /* Preview Content */ = {
			isa = PBXGroup;
			children = (
				857673CC2D6EC13C003F9071 /* Preview Assets.xcassets */,
			);
			path = "Preview Content";
			sourceTree = "<group>";
		};
		857673D52D6EC13D003F9071 /* gwishTests */ = {
			isa = PBXGroup;
			children = (
				857673D62D6EC13D003F9071 /* gwishTests.swift */,
			);
			path = gwishTests;
			sourceTree = "<group>";
		};
		857673DF2D6EC13D003F9071 /* gwishUITests */ = {
			isa = PBXGroup;
			children = (
				857673E02D6EC13D003F9071 /* gwishUITests.swift */,
				857673E22D6EC13D003F9071 /* gwishUITestsLaunchTests.swift */,
			);
			path = gwishUITests;
			sourceTree = "<group>";
		};
		85DB03F72D6EC9A900EC98C0 /* Views */ = {
			isa = PBXGroup;
			children = (
				8562143B2D6F0E8D007A13CF /* LoginSignUpView.swift */,
				85DC0B1A2D85B7260049EDED /* WishlistView.swift */,
				85DC0B1C2D85BC4D0049EDED /* AddWishlistView.swift */,
				85AF916D2DBC7CEB001CFC4B /* SidebarView.swift */,
				85AF916F2DBC7D8D001CFC4B /* MainView.swift */,
				85AF91712DBC8E2D001CFC4B /* TopBarView.swift */,
				85AF91732DBCC45E001CFC4B /* ItemDetailView.swift */,
				85CE2A902DC5A65800A0E622 /* WishlistDetailView.swift */,
			);
			path = Views;
			sourceTree = "<group>";
		};
		85DB03F82D6EC9AF00EC98C0 /* ViewModel */ = {
			isa = PBXGroup;
			children = (
				856214412D72E7D1007A13CF /* WishlistViewModel.swift */,
			);
			path = ViewModel;
			sourceTree = "<group>";
		};
		85DB03F92D6EE29F00EC98C0 /* Services */ = {
			isa = PBXGroup;
			children = (
				85DB03FA2D6EE30300EC98C0 /* AuthService.swift */,
				8562143F2D72E136007A13CF /* FirestoreService.swift */,
				85245DD22DBB5BDE00EEC5C2 /* WishlistService.swift */,
				85245DD42DBB5F3A00EEC5C2 /* ItemService.swift */,
			);
			path = Services;
			sourceTree = "<group>";
		};
/* End PBXGroup section */

/* Begin PBXNativeTarget section */
		857673C12D6EC13A003F9071 /* gwish */ = {
			isa = PBXNativeTarget;
			buildConfigurationList = 857673E62D6EC13D003F9071 /* Build configuration list for PBXNativeTarget "gwish" */;
			buildPhases = (
				857673BE2D6EC13A003F9071 /* Sources */,
				857673BF2D6EC13A003F9071 /* Frameworks */,
				857673C02D6EC13A003F9071 /* Resources */,
			);
			buildRules = (
			);
			dependencies = (
			);
			name = gwish;
			packageProductDependencies = (
				85DB03EF2D6EC8A700EC98C0 /* FirebaseAnalyticsWithoutAdIdSupport */,
				85DB03F12D6EC8A700EC98C0 /* FirebaseAuth */,
				85DB03F32D6EC8A700EC98C0 /* FirebaseCore */,
				85DB03F52D6EC8A700EC98C0 /* FirebaseFunctions */,
				8562143D2D729CD6007A13CF /* FirebaseFirestore */,
			);
			productName = gwish;
			productReference = 857673C22D6EC13A003F9071 /* gwish.app */;
			productType = "com.apple.product-type.application";
		};
		857673D12D6EC13D003F9071 /* gwishTests */ = {
			isa = PBXNativeTarget;
			buildConfigurationList = 857673E92D6EC13D003F9071 /* Build configuration list for PBXNativeTarget "gwishTests" */;
			buildPhases = (
				857673CE2D6EC13D003F9071 /* Sources */,
				857673CF2D6EC13D003F9071 /* Frameworks */,
				857673D02D6EC13D003F9071 /* Resources */,
			);
			buildRules = (
			);
			dependencies = (
				857673D42D6EC13D003F9071 /* PBXTargetDependency */,
			);
			name = gwishTests;
			productName = gwishTests;
			productReference = 857673D22D6EC13D003F9071 /* gwishTests.xctest */;
			productType = "com.apple.product-type.bundle.unit-test";
		};
		857673DB2D6EC13D003F9071 /* gwishUITests */ = {
			isa = PBXNativeTarget;
			buildConfigurationList = 857673EC2D6EC13D003F9071 /* Build configuration list for PBXNativeTarget "gwishUITests" */;
			buildPhases = (
				857673D82D6EC13D003F9071 /* Sources */,
				857673D92D6EC13D003F9071 /* Frameworks */,
				857673DA2D6EC13D003F9071 /* Resources */,
			);
			buildRules = (
			);
			dependencies = (
				857673DE2D6EC13D003F9071 /* PBXTargetDependency */,
			);
			name = gwishUITests;
			productName = gwishUITests;
			productReference = 857673DC2D6EC13D003F9071 /* gwishUITests.xctest */;
			productType = "com.apple.product-type.bundle.ui-testing";
		};
/* End PBXNativeTarget section */

/* Begin PBXProject section */
		857673BA2D6EC13A003F9071 /* Project object */ = {
			isa = PBXProject;
			attributes = {
				BuildIndependentTargetsInParallel = 1;
				LastSwiftUpdateCheck = 1540;
				LastUpgradeCheck = 1540;
				TargetAttributes = {
					857673C12D6EC13A003F9071 = {
						CreatedOnToolsVersion = 15.4;
					};
					857673D12D6EC13D003F9071 = {
						CreatedOnToolsVersion = 15.4;
						TestTargetID = 857673C12D6EC13A003F9071;
					};
					857673DB2D6EC13D003F9071 = {
						CreatedOnToolsVersion = 15.4;
						TestTargetID = 857673C12D6EC13A003F9071;
					};
				};
			};
			buildConfigurationList = 857673BD2D6EC13A003F9071 /* Build configuration list for PBXProject "gwish" */;
			compatibilityVersion = "Xcode 14.0";
			developmentRegion = en;
			hasScannedForEncodings = 0;
			knownRegions = (
				en,
				Base,
			);
			mainGroup = 857673B92D6EC13A003F9071;
			packageReferences = (
				85DB03EE2D6EC8A700EC98C0 /* XCRemoteSwiftPackageReference "firebase-ios-sdk" */,
			);
			productRefGroup = 857673C32D6EC13A003F9071 /* Products */;
			projectDirPath = "";
			projectRoot = "";
			targets = (
				857673C12D6EC13A003F9071 /* gwish */,
				857673D12D6EC13D003F9071 /* gwishTests */,
				857673DB2D6EC13D003F9071 /* gwishUITests */,
			);
		};
/* End PBXProject section */

/* Begin PBXResourcesBuildPhase section */
		857673C02D6EC13A003F9071 /* Resources */ = {
			isa = PBXResourcesBuildPhase;
			buildActionMask = 2147483647;
			files = (
				857673CD2D6EC13C003F9071 /* Preview Assets.xcassets in Resources */,
				857673CA2D6EC13C003F9071 /* Assets.xcassets in Resources */,
				857673F02D6EC37A003F9071 /* GoogleService-Info.plist in Resources */,
			);
			runOnlyForDeploymentPostprocessing = 0;
		};
		857673D02D6EC13D003F9071 /* Resources */ = {
			isa = PBXResourcesBuildPhase;
			buildActionMask = 2147483647;
			files = (
			);
			runOnlyForDeploymentPostprocessing = 0;
		};
		857673DA2D6EC13D003F9071 /* Resources */ = {
			isa = PBXResourcesBuildPhase;
			buildActionMask = 2147483647;
			files = (
			);
			runOnlyForDeploymentPostprocessing = 0;
		};
/* End PBXResourcesBuildPhase section */

/* Begin PBXSourcesBuildPhase section */
		857673BE2D6EC13A003F9071 /* Sources */ = {
			isa = PBXSourcesBuildPhase;
			buildActionMask = 2147483647;
			files = (
				85DC0B1B2D85B7270049EDED /* WishlistView.swift in Sources */,
				856214452D72EE78007A13CF /* Wishlist.swift in Sources */,
				8562144B2D737AA3007A13CF /* Category.swift in Sources */,
				856214492D737660007A13CF /* Item.swift in Sources */,
				85DB03FB2D6EE30300EC98C0 /* AuthService.swift in Sources */,
				85CE2A912DC5A65800A0E622 /* WishlistDetailView.swift in Sources */,
				85AF91702DBC7D8D001CFC4B /* MainView.swift in Sources */,
				85AF916E2DBC7CEB001CFC4B /* SidebarView.swift in Sources */,
				8562144F2D737ABF007A13CF /* Occasion.swift in Sources */,
				85245DD52DBB5F3A00EEC5C2 /* ItemService.swift in Sources */,
				85AF91742DBCC45E001CFC4B /* ItemDetailView.swift in Sources */,
				8562144D2D737AB5007A13CF /* Status.swift in Sources */,
				85AF91722DBC8E2D001CFC4B /* TopBarView.swift in Sources */,
				856214402D72E136007A13CF /* FirestoreService.swift in Sources */,
				85245DD32DBB5BDE00EEC5C2 /* WishlistService.swift in Sources */,
				857673C82D6EC13A003F9071 /* ContentView.swift in Sources */,
				856214472D72EEBD007A13CF /* User.swift in Sources */,
				85245DCF2DBB532500EEC5C2 /* Logger.swift in Sources */,
				8562143C2D6F0E8D007A13CF /* LoginSignUpView.swift in Sources */,
				85DC0B1D2D85BC4D0049EDED /* AddWishlistView.swift in Sources */,
				857673C62D6EC13A003F9071 /* gwishApp.swift in Sources */,
				856214422D72E7D1007A13CF /* WishlistViewModel.swift in Sources */,
			);
			runOnlyForDeploymentPostprocessing = 0;
		};
		857673CE2D6EC13D003F9071 /* Sources */ = {
			isa = PBXSourcesBuildPhase;
			buildActionMask = 2147483647;
			files = (
				857673D72D6EC13D003F9071 /* gwishTests.swift in Sources */,
			);
			runOnlyForDeploymentPostprocessing = 0;
		};
		857673D82D6EC13D003F9071 /* Sources */ = {
			isa = PBXSourcesBuildPhase;
			buildActionMask = 2147483647;
			files = (
				857673E12D6EC13D003F9071 /* gwishUITests.swift in Sources */,
				857673E32D6EC13D003F9071 /* gwishUITestsLaunchTests.swift in Sources */,
			);
			runOnlyForDeploymentPostprocessing = 0;
		};
/* End PBXSourcesBuildPhase section */

/* Begin PBXTargetDependency section */
		857673D42D6EC13D003F9071 /* PBXTargetDependency */ = {
			isa = PBXTargetDependency;
			target = 857673C12D6EC13A003F9071 /* gwish */;
			targetProxy = 857673D32D6EC13D003F9071 /* PBXContainerItemProxy */;
		};
		857673DE2D6EC13D003F9071 /* PBXTargetDependency */ = {
			isa = PBXTargetDependency;
			target = 857673C12D6EC13A003F9071 /* gwish */;
			targetProxy = 857673DD2D6EC13D003F9071 /* PBXContainerItemProxy */;
		};
/* End PBXTargetDependency section */

/* Begin XCBuildConfiguration section */
		857673E42D6EC13D003F9071 /* Debug */ = {
			isa = XCBuildConfiguration;
			buildSettings = {
				ALWAYS_SEARCH_USER_PATHS = NO;
				ASSETCATALOG_COMPILER_GENERATE_SWIFT_ASSET_SYMBOL_EXTENSIONS = YES;
				CLANG_ANALYZER_NONNULL = YES;
				CLANG_ANALYZER_NUMBER_OBJECT_CONVERSION = YES_AGGRESSIVE;
				CLANG_CXX_LANGUAGE_STANDARD = "gnu++20";
				CLANG_ENABLE_MODULES = YES;
				CLANG_ENABLE_OBJC_ARC = YES;
				CLANG_ENABLE_OBJC_WEAK = YES;
				CLANG_WARN_BLOCK_CAPTURE_AUTORELEASING = YES;
				CLANG_WARN_BOOL_CONVERSION = YES;
				CLANG_WARN_COMMA = YES;
				CLANG_WARN_CONSTANT_CONVERSION = YES;
				CLANG_WARN_DEPRECATED_OBJC_IMPLEMENTATIONS = YES;
				CLANG_WARN_DIRECT_OBJC_ISA_USAGE = YES_ERROR;
				CLANG_WARN_DOCUMENTATION_COMMENTS = YES;
				CLANG_WARN_EMPTY_BODY = YES;
				CLANG_WARN_ENUM_CONVERSION = YES;
				CLANG_WARN_INFINITE_RECURSION = YES;
				CLANG_WARN_INT_CONVERSION = YES;
				CLANG_WARN_NON_LITERAL_NULL_CONVERSION = YES;
				CLANG_WARN_OBJC_IMPLICIT_RETAIN_SELF = YES;
				CLANG_WARN_OBJC_LITERAL_CONVERSION = YES;
				CLANG_WARN_OBJC_ROOT_CLASS = YES_ERROR;
				CLANG_WARN_QUOTED_INCLUDE_IN_FRAMEWORK_HEADER = YES;
				CLANG_WARN_RANGE_LOOP_ANALYSIS = YES;
				CLANG_WARN_STRICT_PROTOTYPES = YES;
				CLANG_WARN_SUSPICIOUS_MOVE = YES;
				CLANG_WARN_UNGUARDED_AVAILABILITY = YES_AGGRESSIVE;
				CLANG_WARN_UNREACHABLE_CODE = YES;
				CLANG_WARN__DUPLICATE_METHOD_MATCH = YES;
				COPY_PHASE_STRIP = NO;
				DEBUG_INFORMATION_FORMAT = dwarf;
				ENABLE_STRICT_OBJC_MSGSEND = YES;
				ENABLE_TESTABILITY = YES;
				ENABLE_USER_SCRIPT_SANDBOXING = YES;
				GCC_C_LANGUAGE_STANDARD = gnu17;
				GCC_DYNAMIC_NO_PIC = NO;
				GCC_NO_COMMON_BLOCKS = YES;
				GCC_OPTIMIZATION_LEVEL = 0;
				GCC_PREPROCESSOR_DEFINITIONS = (
					"DEBUG=1",
					"$(inherited)",
				);
				GCC_WARN_64_TO_32_BIT_CONVERSION = YES;
				GCC_WARN_ABOUT_RETURN_TYPE = YES_ERROR;
				GCC_WARN_UNDECLARED_SELECTOR = YES;
				GCC_WARN_UNINITIALIZED_AUTOS = YES_AGGRESSIVE;
				GCC_WARN_UNUSED_FUNCTION = YES;
				GCC_WARN_UNUSED_VARIABLE = YES;
				IPHONEOS_DEPLOYMENT_TARGET = 17.5;
				LOCALIZATION_PREFERS_STRING_CATALOGS = YES;
				MTL_ENABLE_DEBUG_INFO = INCLUDE_SOURCE;
				MTL_FAST_MATH = YES;
				ONLY_ACTIVE_ARCH = YES;
				SDKROOT = iphoneos;
				SWIFT_ACTIVE_COMPILATION_CONDITIONS = "DEBUG $(inherited)";
				SWIFT_OPTIMIZATION_LEVEL = "-Onone";
			};
			name = Debug;
		};
		857673E52D6EC13D003F9071 /* Release */ = {
			isa = XCBuildConfiguration;
			buildSettings = {
				ALWAYS_SEARCH_USER_PATHS = NO;
				ASSETCATALOG_COMPILER_GENERATE_SWIFT_ASSET_SYMBOL_EXTENSIONS = YES;
				CLANG_ANALYZER_NONNULL = YES;
				CLANG_ANALYZER_NUMBER_OBJECT_CONVERSION = YES_AGGRESSIVE;
				CLANG_CXX_LANGUAGE_STANDARD = "gnu++20";
				CLANG_ENABLE_MODULES = YES;
				CLANG_ENABLE_OBJC_ARC = YES;
				CLANG_ENABLE_OBJC_WEAK = YES;
				CLANG_WARN_BLOCK_CAPTURE_AUTORELEASING = YES;
				CLANG_WARN_BOOL_CONVERSION = YES;
				CLANG_WARN_COMMA = YES;
				CLANG_WARN_CONSTANT_CONVERSION = YES;
				CLANG_WARN_DEPRECATED_OBJC_IMPLEMENTATIONS = YES;
				CLANG_WARN_DIRECT_OBJC_ISA_USAGE = YES_ERROR;
				CLANG_WARN_DOCUMENTATION_COMMENTS = YES;
				CLANG_WARN_EMPTY_BODY = YES;
				CLANG_WARN_ENUM_CONVERSION = YES;
				CLANG_WARN_INFINITE_RECURSION = YES;
				CLANG_WARN_INT_CONVERSION = YES;
				CLANG_WARN_NON_LITERAL_NULL_CONVERSION = YES;
				CLANG_WARN_OBJC_IMPLICIT_RETAIN_SELF = YES;
				CLANG_WARN_OBJC_LITERAL_CONVERSION = YES;
				CLANG_WARN_OBJC_ROOT_CLASS = YES_ERROR;
				CLANG_WARN_QUOTED_INCLUDE_IN_FRAMEWORK_HEADER = YES;
				CLANG_WARN_RANGE_LOOP_ANALYSIS = YES;
				CLANG_WARN_STRICT_PROTOTYPES = YES;
				CLANG_WARN_SUSPICIOUS_MOVE = YES;
				CLANG_WARN_UNGUARDED_AVAILABILITY = YES_AGGRESSIVE;
				CLANG_WARN_UNREACHABLE_CODE = YES;
				CLANG_WARN__DUPLICATE_METHOD_MATCH = YES;
				COPY_PHASE_STRIP = NO;
				DEBUG_INFORMATION_FORMAT = "dwarf-with-dsym";
				ENABLE_NS_ASSERTIONS = NO;
				ENABLE_STRICT_OBJC_MSGSEND = YES;
				ENABLE_USER_SCRIPT_SANDBOXING = YES;
				GCC_C_LANGUAGE_STANDARD = gnu17;
				GCC_NO_COMMON_BLOCKS = YES;
				GCC_WARN_64_TO_32_BIT_CONVERSION = YES;
				GCC_WARN_ABOUT_RETURN_TYPE = YES_ERROR;
				GCC_WARN_UNDECLARED_SELECTOR = YES;
				GCC_WARN_UNINITIALIZED_AUTOS = YES_AGGRESSIVE;
				GCC_WARN_UNUSED_FUNCTION = YES;
				GCC_WARN_UNUSED_VARIABLE = YES;
				IPHONEOS_DEPLOYMENT_TARGET = 17.5;
				LOCALIZATION_PREFERS_STRING_CATALOGS = YES;
				MTL_ENABLE_DEBUG_INFO = NO;
				MTL_FAST_MATH = YES;
				SDKROOT = iphoneos;
				SWIFT_COMPILATION_MODE = wholemodule;
				VALIDATE_PRODUCT = YES;
			};
			name = Release;
		};
		857673E72D6EC13D003F9071 /* Debug */ = {
			isa = XCBuildConfiguration;
			buildSettings = {
				ASSETCATALOG_COMPILER_APPICON_NAME = AppIcon;
				ASSETCATALOG_COMPILER_GLOBAL_ACCENT_COLOR_NAME = AccentColor;
				CODE_SIGN_STYLE = Automatic;
				CURRENT_PROJECT_VERSION = 1;
				DEVELOPMENT_ASSET_PATHS = "\"gwish/Preview Content\"";
				ENABLE_PREVIEWS = YES;
				GENERATE_INFOPLIST_FILE = YES;
				INFOPLIST_KEY_UIApplicationSceneManifest_Generation = YES;
				INFOPLIST_KEY_UIApplicationSupportsIndirectInputEvents = YES;
				INFOPLIST_KEY_UILaunchScreen_Generation = YES;
				INFOPLIST_KEY_UISupportedInterfaceOrientations_iPad = "UIInterfaceOrientationPortrait UIInterfaceOrientationPortraitUpsideDown UIInterfaceOrientationLandscapeLeft UIInterfaceOrientationLandscapeRight";
				INFOPLIST_KEY_UISupportedInterfaceOrientations_iPhone = "UIInterfaceOrientationPortrait UIInterfaceOrientationLandscapeLeft UIInterfaceOrientationLandscapeRight";
				LD_RUNPATH_SEARCH_PATHS = (
					"$(inherited)",
					"@executable_path/Frameworks",
				);
				MARKETING_VERSION = 1.0;
				PRODUCT_BUNDLE_IDENTIFIER = com.conniezhu.gwish;
				PRODUCT_NAME = "$(TARGET_NAME)";
				SWIFT_EMIT_LOC_STRINGS = YES;
				SWIFT_VERSION = 5.0;
				TARGETED_DEVICE_FAMILY = "1,2";
			};
			name = Debug;
		};
		857673E82D6EC13D003F9071 /* Release */ = {
			isa = XCBuildConfiguration;
			buildSettings = {
				ASSETCATALOG_COMPILER_APPICON_NAME = AppIcon;
				ASSETCATALOG_COMPILER_GLOBAL_ACCENT_COLOR_NAME = AccentColor;
				CODE_SIGN_STYLE = Automatic;
				CURRENT_PROJECT_VERSION = 1;
				DEVELOPMENT_ASSET_PATHS = "\"gwish/Preview Content\"";
				ENABLE_PREVIEWS = YES;
				GENERATE_INFOPLIST_FILE = YES;
				INFOPLIST_KEY_UIApplicationSceneManifest_Generation = YES;
				INFOPLIST_KEY_UIApplicationSupportsIndirectInputEvents = YES;
				INFOPLIST_KEY_UILaunchScreen_Generation = YES;
				INFOPLIST_KEY_UISupportedInterfaceOrientations_iPad = "UIInterfaceOrientationPortrait UIInterfaceOrientationPortraitUpsideDown UIInterfaceOrientationLandscapeLeft UIInterfaceOrientationLandscapeRight";
				INFOPLIST_KEY_UISupportedInterfaceOrientations_iPhone = "UIInterfaceOrientationPortrait UIInterfaceOrientationLandscapeLeft UIInterfaceOrientationLandscapeRight";
				LD_RUNPATH_SEARCH_PATHS = (
					"$(inherited)",
					"@executable_path/Frameworks",
				);
				MARKETING_VERSION = 1.0;
				PRODUCT_BUNDLE_IDENTIFIER = com.conniezhu.gwish;
				PRODUCT_NAME = "$(TARGET_NAME)";
				SWIFT_EMIT_LOC_STRINGS = YES;
				SWIFT_VERSION = 5.0;
				TARGETED_DEVICE_FAMILY = "1,2";
			};
			name = Release;
		};
		857673EA2D6EC13D003F9071 /* Debug */ = {
			isa = XCBuildConfiguration;
			buildSettings = {
				ALWAYS_EMBED_SWIFT_STANDARD_LIBRARIES = YES;
				BUNDLE_LOADER = "$(TEST_HOST)";
				CODE_SIGN_STYLE = Automatic;
				CURRENT_PROJECT_VERSION = 1;
				GENERATE_INFOPLIST_FILE = YES;
				IPHONEOS_DEPLOYMENT_TARGET = 17.5;
				MARKETING_VERSION = 1.0;
				PRODUCT_BUNDLE_IDENTIFIER = com.conniezhu.gwishTests;
				PRODUCT_NAME = "$(TARGET_NAME)";
				SWIFT_EMIT_LOC_STRINGS = NO;
				SWIFT_VERSION = 5.0;
				TARGETED_DEVICE_FAMILY = "1,2";
				TEST_HOST = "$(BUILT_PRODUCTS_DIR)/gwish.app/$(BUNDLE_EXECUTABLE_FOLDER_PATH)/gwish";
			};
			name = Debug;
		};
		857673EB2D6EC13D003F9071 /* Release */ = {
			isa = XCBuildConfiguration;
			buildSettings = {
				ALWAYS_EMBED_SWIFT_STANDARD_LIBRARIES = YES;
				BUNDLE_LOADER = "$(TEST_HOST)";
				CODE_SIGN_STYLE = Automatic;
				CURRENT_PROJECT_VERSION = 1;
				GENERATE_INFOPLIST_FILE = YES;
				IPHONEOS_DEPLOYMENT_TARGET = 17.5;
				MARKETING_VERSION = 1.0;
				PRODUCT_BUNDLE_IDENTIFIER = com.conniezhu.gwishTests;
				PRODUCT_NAME = "$(TARGET_NAME)";
				SWIFT_EMIT_LOC_STRINGS = NO;
				SWIFT_VERSION = 5.0;
				TARGETED_DEVICE_FAMILY = "1,2";
				TEST_HOST = "$(BUILT_PRODUCTS_DIR)/gwish.app/$(BUNDLE_EXECUTABLE_FOLDER_PATH)/gwish";
			};
			name = Release;
		};
		857673ED2D6EC13D003F9071 /* Debug */ = {
			isa = XCBuildConfiguration;
			buildSettings = {
				ALWAYS_EMBED_SWIFT_STANDARD_LIBRARIES = YES;
				CODE_SIGN_STYLE = Automatic;
				CURRENT_PROJECT_VERSION = 1;
				GENERATE_INFOPLIST_FILE = YES;
				MARKETING_VERSION = 1.0;
				PRODUCT_BUNDLE_IDENTIFIER = com.conniezhu.gwishUITests;
				PRODUCT_NAME = "$(TARGET_NAME)";
				SWIFT_EMIT_LOC_STRINGS = NO;
				SWIFT_VERSION = 5.0;
				TARGETED_DEVICE_FAMILY = "1,2";
				TEST_TARGET_NAME = gwish;
			};
			name = Debug;
		};
		857673EE2D6EC13D003F9071 /* Release */ = {
			isa = XCBuildConfiguration;
			buildSettings = {
				ALWAYS_EMBED_SWIFT_STANDARD_LIBRARIES = YES;
				CODE_SIGN_STYLE = Automatic;
				CURRENT_PROJECT_VERSION = 1;
				GENERATE_INFOPLIST_FILE = YES;
				MARKETING_VERSION = 1.0;
				PRODUCT_BUNDLE_IDENTIFIER = com.conniezhu.gwishUITests;
				PRODUCT_NAME = "$(TARGET_NAME)";
				SWIFT_EMIT_LOC_STRINGS = NO;
				SWIFT_VERSION = 5.0;
				TARGETED_DEVICE_FAMILY = "1,2";
				TEST_TARGET_NAME = gwish;
			};
			name = Release;
		};
/* End XCBuildConfiguration section */

/* Begin XCConfigurationList section */
		857673BD2D6EC13A003F9071 /* Build configuration list for PBXProject "gwish" */ = {
			isa = XCConfigurationList;
			buildConfigurations = (
				857673E42D6EC13D003F9071 /* Debug */,
				857673E52D6EC13D003F9071 /* Release */,
			);
			defaultConfigurationIsVisible = 0;
			defaultConfigurationName = Release;
		};
		857673E62D6EC13D003F9071 /* Build configuration list for PBXNativeTarget "gwish" */ = {
			isa = XCConfigurationList;
			buildConfigurations = (
				857673E72D6EC13D003F9071 /* Debug */,
				857673E82D6EC13D003F9071 /* Release */,
			);
			defaultConfigurationIsVisible = 0;
			defaultConfigurationName = Release;
		};
		857673E92D6EC13D003F9071 /* Build configuration list for PBXNativeTarget "gwishTests" */ = {
			isa = XCConfigurationList;
			buildConfigurations = (
				857673EA2D6EC13D003F9071 /* Debug */,
				857673EB2D6EC13D003F9071 /* Release */,
			);
			defaultConfigurationIsVisible = 0;
			defaultConfigurationName = Release;
		};
		857673EC2D6EC13D003F9071 /* Build configuration list for PBXNativeTarget "gwishUITests" */ = {
			isa = XCConfigurationList;
			buildConfigurations = (
				857673ED2D6EC13D003F9071 /* Debug */,
				857673EE2D6EC13D003F9071 /* Release */,
			);
			defaultConfigurationIsVisible = 0;
			defaultConfigurationName = Release;
		};
/* End XCConfigurationList section */

/* Begin XCRemoteSwiftPackageReference section */
		85DB03EE2D6EC8A700EC98C0 /* XCRemoteSwiftPackageReference "firebase-ios-sdk" */ = {
			isa = XCRemoteSwiftPackageReference;
			repositoryURL = "https://github.com/firebase/firebase-ios-sdk";
			requirement = {
				kind = upToNextMajorVersion;
				minimumVersion = 11.9.0;
			};
		};
/* End XCRemoteSwiftPackageReference section */

/* Begin XCSwiftPackageProductDependency section */
		8562143D2D729CD6007A13CF /* FirebaseFirestore */ = {
			isa = XCSwiftPackageProductDependency;
			package = 85DB03EE2D6EC8A700EC98C0 /* XCRemoteSwiftPackageReference "firebase-ios-sdk" */;
			productName = FirebaseFirestore;
		};
		85DB03EF2D6EC8A700EC98C0 /* FirebaseAnalyticsWithoutAdIdSupport */ = {
			isa = XCSwiftPackageProductDependency;
			package = 85DB03EE2D6EC8A700EC98C0 /* XCRemoteSwiftPackageReference "firebase-ios-sdk" */;
			productName = FirebaseAnalyticsWithoutAdIdSupport;
		};
		85DB03F12D6EC8A700EC98C0 /* FirebaseAuth */ = {
			isa = XCSwiftPackageProductDependency;
			package = 85DB03EE2D6EC8A700EC98C0 /* XCRemoteSwiftPackageReference "firebase-ios-sdk" */;
			productName = FirebaseAuth;
		};
		85DB03F32D6EC8A700EC98C0 /* FirebaseCore */ = {
			isa = XCSwiftPackageProductDependency;
			package = 85DB03EE2D6EC8A700EC98C0 /* XCRemoteSwiftPackageReference "firebase-ios-sdk" */;
			productName = FirebaseCore;
		};
		85DB03F52D6EC8A700EC98C0 /* FirebaseFunctions */ = {
			isa = XCSwiftPackageProductDependency;
			package = 85DB03EE2D6EC8A700EC98C0 /* XCRemoteSwiftPackageReference "firebase-ios-sdk" */;
			productName = FirebaseFunctions;
		};
/* End XCSwiftPackageProductDependency section */
	};
	rootObject = 857673BA2D6EC13A003F9071 /* Project object */;
}
